{
    "name": "react-native-svg-animated-linear-gradient",
    "version": "0.1.4",
    "lockfileVersion": 1,
    "dependencies": {
        "d3-color": {
            "version": "1.0.3",
            "resolved": "https://registry.npmjs.org/d3-color/-/d3-color-1.0.3.tgz",
            "integrity": "sha1-vHZD/KjlOoNH4vva/6I2eWtYUJs="
        },
        "d3-interpolate": {
            "version": "1.1.5",
            "resolved": "https://registry.npmjs.org/d3-interpolate/-/d3-interpolate-1.1.5.tgz",
            "integrity": "sha1-aeCZ/zkhRxblY8muw+qdHqS4p58="
        }
    }
}
